
Microsoft Visual Studio Solution File, Format Version 12.00
# Visual Studio Version 17
VisualStudioVersion = 17.14.36301.6 d17.14
MinimumVisualStudioVersion = 10.0.40219.1
Project("{FAE04EC0-301F-11D3-BF4B-00C04F79EFBC}") = "server", "server.csproj", "{74F4CA8E-821B-47AA-BF92-41EBE41B092F}"
EndProject
Global
	GlobalSection(SolutionConfigurationPlatforms) = preSolution
		Debug|Any CPU = Debug|Any CPU
		Release|Any CPU = Release|Any CPU
	EndGlobalSection
	GlobalSection(ProjectConfigurationPlatforms) = postSolution
		{74F4CA8E-821B-47AA-BF92-41EBE41B092F}.Debug|Any CPU.ActiveCfg = Debug|Any CPU
		{74F4CA8E-821B-47AA-BF92-41EBE41B092F}.Debug|Any CPU.Build.0 = Debug|Any CPU
		{74F4CA8E-821B-47AA-BF92-41EBE41B092F}.Release|Any CPU.ActiveCfg = Release|Any CPU
		{74F4CA8E-821B-47AA-BF92-41EBE41B092F}.Release|Any CPU.Build.0 = Release|Any CPU
	EndGlobalSection
	GlobalSection(SolutionProperties) = preSolution
		HideSolutionNode = FALSE
	EndGlobalSection
	GlobalSection(ExtensibilityGlobals) = postSolution
		SolutionGuid = {96A1D238-F5DB-498A-BE7F-E4C0F62A5BBD}
	EndGlobalSection
EndGlobal
